// !$*UTF8*$!
{
	archiveVersion = 1;
	classes = {
	};
	objectVersion = 46;
	objects = {

/* Begin PBXBuildFile section */
		4BBC336318EF8B91009E2DFE /* Foundation.framework in Frameworks */ = {isa = PBXBuildFile; fileRef = 4BBC336218EF8B91009E2DFE /* Foundation.framework */; };
		4BBC336518EF8B91009E2DFE /* CoreGraphics.framework in Frameworks */ = {isa = PBXBuildFile; fileRef = 4BBC336418EF8B91009E2DFE /* CoreGraphics.framework */; };
		4BBC336718EF8B91009E2DFE /* UIKit.framework in Frameworks */ = {isa = PBXBuildFile; fileRef = 4BBC336618EF8B91009E2DFE /* UIKit.framework */; };
		4BBC336D18EF8B91009E2DFE /* InfoPlist.strings in Resources */ = {isa = PBXBuildFile; fileRef = 4BBC336B18EF8B91009E2DFE /* InfoPlist.strings */; };
		4BBC336F18EF8B91009E2DFE /* main.m in Sources */ = {isa = PBXBuildFile; fileRef = 4BBC336E18EF8B91009E2DFE /* main.m */; };
		4BBC337318EF8B91009E2DFE /* tellmenowAppDelegate.m in Sources */ = {isa = PBXBuildFile; fileRef = 4BBC337218EF8B91009E2DFE /* tellmenowAppDelegate.m */; };
		4BBC337618EF8B91009E2DFE /* Main.storyboard in Resources */ = {isa = PBXBuildFile; fileRef = 4BBC337418EF8B91009E2DFE /* Main.storyboard */; };
		4BBC337918EF8B91009E2DFE /* loginViewController.m in Sources */ = {isa = PBXBuildFile; fileRef = 4BBC337818EF8B91009E2DFE /* loginViewController.m */; };
		4BBC337B18EF8B91009E2DFE /* Images.xcassets in Resources */ = {isa = PBXBuildFile; fileRef = 4BBC337A18EF8B91009E2DFE /* Images.xcassets */; };
		4BBC338218EF8B92009E2DFE /* XCTest.framework in Frameworks */ = {isa = PBXBuildFile; fileRef = 4BBC338118EF8B92009E2DFE /* XCTest.framework */; };
		4BBC338318EF8B92009E2DFE /* Foundation.framework in Frameworks */ = {isa = PBXBuildFile; fileRef = 4BBC336218EF8B91009E2DFE /* Foundation.framework */; };
		4BBC338418EF8B92009E2DFE /* UIKit.framework in Frameworks */ = {isa = PBXBuildFile; fileRef = 4BBC336618EF8B91009E2DFE /* UIKit.framework */; };
		4BBC338C18EF8B92009E2DFE /* InfoPlist.strings in Resources */ = {isa = PBXBuildFile; fileRef = 4BBC338A18EF8B92009E2DFE /* InfoPlist.strings */; };
		4BBC338E18EF8B92009E2DFE /* TellMeNowTests.m in Sources */ = {isa = PBXBuildFile; fileRef = 4BBC338D18EF8B92009E2DFE /* TellMeNowTests.m */; };
		4BBC339818EF9169009E2DFE /* FacebookSDK.framework in Frameworks */ = {isa = PBXBuildFile; fileRef = 4BBC339718EF9169009E2DFE /* FacebookSDK.framework */; };
/* End PBXBuildFile section */

/* Begin PBXContainerItemProxy section */
		4BBC338518EF8B92009E2DFE /* PBXContainerItemProxy */ = {
			isa = PBXContainerItemProxy;
			containerPortal = 4BBC335718EF8B91009E2DFE /* Project object */;
			proxyType = 1;
			remoteGlobalIDString = 4BBC335E18EF8B91009E2DFE;
			remoteInfo = TellMeNow;
		};
/* End PBXContainerItemProxy section */

/* Begin PBXFileReference section */
		4BBC335F18EF8B91009E2DFE /* TellMeNow.app */ = {isa = PBXFileReference; explicitFileType = wrapper.application; includeInIndex = 0; path = TellMeNow.app; sourceTree = BUILT_PRODUCTS_DIR; };
		4BBC336218EF8B91009E2DFE /* Foundation.framework */ = {isa = PBXFileReference; lastKnownFileType = wrapper.framework; name = Foundation.framework; path = System/Library/Frameworks/Foundation.framework; sourceTree = SDKROOT; };
		4BBC336418EF8B91009E2DFE /* CoreGraphics.framework */ = {isa = PBXFileReference; lastKnownFileType = wrapper.framework; name = CoreGraphics.framework; path = System/Library/Frameworks/CoreGraphics.framework; sourceTree = SDKROOT; };
		4BBC336618EF8B91009E2DFE /* UIKit.framework */ = {isa = PBXFileReference; lastKnownFileType = wrapper.framework; name = UIKit.framework; path = System/Library/Frameworks/UIKit.framework; sourceTree = SDKROOT; };
		4BBC336A18EF8B91009E2DFE /* TellMeNow-Info.plist */ = {isa = PBXFileReference; lastKnownFileType = text.plist.xml; path = "TellMeNow-Info.plist"; sourceTree = "<group>"; };
		4BBC336C18EF8B91009E2DFE /* en */ = {isa = PBXFileReference; lastKnownFileType = text.plist.strings; name = en; path = en.lproj/InfoPlist.strings; sourceTree = "<group>"; };
		4BBC336E18EF8B91009E2DFE /* main.m */ = {isa = PBXFileReference; lastKnownFileType = sourcecode.c.objc; path = main.m; sourceTree = "<group>"; };
		4BBC337018EF8B91009E2DFE /* TellMeNow-Prefix.pch */ = {isa = PBXFileReference; lastKnownFileType = sourcecode.c.h; path = "TellMeNow-Prefix.pch"; sourceTree = "<group>"; };
		4BBC337118EF8B91009E2DFE /* tellmenowAppDelegate.h */ = {isa = PBXFileReference; lastKnownFileType = sourcecode.c.h; path = tellmenowAppDelegate.h; sourceTree = "<group>"; };
		4BBC337218EF8B91009E2DFE /* tellmenowAppDelegate.m */ = {isa = PBXFileReference; lastKnownFileType = sourcecode.c.objc; path = tellmenowAppDelegate.m; sourceTree = "<group>"; };
		4BBC337518EF8B91009E2DFE /* Base */ = {isa = PBXFileReference; lastKnownFileType = file.storyboard; name = Base; path = Base.lproj/Main.storyboard; sourceTree = "<group>"; };
		4BBC337718EF8B91009E2DFE /* loginViewController.h */ = {isa = PBXFileReference; lastKnownFileType = sourcecode.c.h; path = loginViewController.h; sourceTree = "<group>"; };
		4BBC337818EF8B91009E2DFE /* loginViewController.m */ = {isa = PBXFileReference; lastKnownFileType = sourcecode.c.objc; path = loginViewController.m; sourceTree = "<group>"; };
		4BBC337A18EF8B91009E2DFE /* Images.xcassets */ = {isa = PBXFileReference; lastKnownFileType = folder.assetcatalog; path = Images.xcassets; sourceTree = "<group>"; };
		4BBC338018EF8B92009E2DFE /* TellMeNowTests.xctest */ = {isa = PBXFileReference; explicitFileType = wrapper.cfbundle; includeInIndex = 0; path = TellMeNowTests.xctest; sourceTree = BUILT_PRODUCTS_DIR; };
		4BBC338118EF8B92009E2DFE /* XCTest.framework */ = {isa = PBXFileReference; lastKnownFileType = wrapper.framework; name = XCTest.framework; path = Library/Frameworks/XCTest.framework; sourceTree = DEVELOPER_DIR; };
		4BBC338918EF8B92009E2DFE /* TellMeNowTests-Info.plist */ = {isa = PBXFileReference; lastKnownFileType = text.plist.xml; path = "TellMeNowTests-Info.plist"; sourceTree = "<group>"; };
		4BBC338B18EF8B92009E2DFE /* en */ = {isa = PBXFileReference; lastKnownFileType = text.plist.strings; name = en; path = en.lproj/InfoPlist.strings; sourceTree = "<group>"; };
		4BBC338D18EF8B92009E2DFE /* TellMeNowTests.m */ = {isa = PBXFileReference; lastKnownFileType = sourcecode.c.objc; path = TellMeNowTests.m; sourceTree = "<group>"; };
		4BBC339718EF9169009E2DFE /* FacebookSDK.framework */ = {isa = PBXFileReference; lastKnownFileType = wrapper.framework; name = FacebookSDK.framework; path = ../FacebookSDK/FacebookSDK.framework; sourceTree = "<group>"; };
/* End PBXFileReference section */

/* Begin PBXFrameworksBuildPhase section */
		4BBC335C18EF8B91009E2DFE /* Frameworks */ = {
			isa = PBXFrameworksBuildPhase;
			buildActionMask = 2147483647;
			files = (
				4BBC336518EF8B91009E2DFE /* CoreGraphics.framework in Frameworks */,
				4BBC339818EF9169009E2DFE /* FacebookSDK.framework in Frameworks */,
				4BBC336718EF8B91009E2DFE /* UIKit.framework in Frameworks */,
				4BBC336318EF8B91009E2DFE /* Foundation.framework in Frameworks */,
			);
			runOnlyForDeploymentPostprocessing = 0;
		};
		4BBC337D18EF8B92009E2DFE /* Frameworks */ = {
			isa = PBXFrameworksBuildPhase;
			buildActionMask = 2147483647;
			files = (
				4BBC338218EF8B92009E2DFE /* XCTest.framework in Frameworks */,
				4BBC338418EF8B92009E2DFE /* UIKit.framework in Frameworks */,
				4BBC338318EF8B92009E2DFE /* Foundation.framework in Frameworks */,
			);
			runOnlyForDeploymentPostprocessing = 0;
		};
/* End PBXFrameworksBuildPhase section */

/* Begin PBXGroup section */
		4BBC335618EF8B91009E2DFE = {
			isa = PBXGroup;
			children = (
				4BBC336818EF8B91009E2DFE /* TellMeNow */,
				4BBC338718EF8B92009E2DFE /* TellMeNowTests */,
				4BBC336118EF8B91009E2DFE /* Frameworks */,
				4BBC336018EF8B91009E2DFE /* Products */,
			);
			sourceTree = "<group>";
		};
		4BBC336018EF8B91009E2DFE /* Products */ = {
			isa = PBXGroup;
			children = (
				4BBC335F18EF8B91009E2DFE /* TellMeNow.app */,
				4BBC338018EF8B92009E2DFE /* TellMeNowTests.xctest */,
			);
			name = Products;
			sourceTree = "<group>";
		};
		4BBC336118EF8B91009E2DFE /* Frameworks */ = {
			isa = PBXGroup;
			children = (
				4BBC339718EF9169009E2DFE /* FacebookSDK.framework */,
				4BBC336218EF8B91009E2DFE /* Foundation.framework */,
				4BBC336418EF8B91009E2DFE /* CoreGraphics.framework */,
				4BBC336618EF8B91009E2DFE /* UIKit.framework */,
				4BBC338118EF8B92009E2DFE /* XCTest.framework */,
			);
			name = Frameworks;
			sourceTree = "<group>";
		};
		4BBC336818EF8B91009E2DFE /* TellMeNow */ = {
			isa = PBXGroup;
			children = (
				4BBC337418EF8B91009E2DFE /* Main.storyboard */,
				4BBC337718EF8B91009E2DFE /* loginViewController.h */,
				4BBC337818EF8B91009E2DFE /* loginViewController.m */,
				4BBC337A18EF8B91009E2DFE /* Images.xcassets */,
				4BBC336918EF8B91009E2DFE /* Supporting Files */,
			);
			path = TellMeNow;
			sourceTree = "<group>";
		};
		4BBC336918EF8B91009E2DFE /* Supporting Files */ = {
			isa = PBXGroup;
			children = (
				4BBC337118EF8B91009E2DFE /* tellmenowAppDelegate.h */,
				4BBC337218EF8B91009E2DFE /* tellmenowAppDelegate.m */,
				4BBC336A18EF8B91009E2DFE /* TellMeNow-Info.plist */,
				4BBC336B18EF8B91009E2DFE /* InfoPlist.strings */,
				4BBC336E18EF8B91009E2DFE /* main.m */,
				4BBC337018EF8B91009E2DFE /* TellMeNow-Prefix.pch */,
			);
			name = "Supporting Files";
			sourceTree = "<group>";
		};
		4BBC338718EF8B92009E2DFE /* TellMeNowTests */ = {
			isa = PBXGroup;
			children = (
				4BBC338D18EF8B92009E2DFE /* TellMeNowTests.m */,
				4BBC338818EF8B92009E2DFE /* Supporting Files */,
			);
			path = TellMeNowTests;
			sourceTree = "<group>";
		};
		4BBC338818EF8B92009E2DFE /* Supporting Files */ = {
			isa = PBXGroup;
			children = (
				4BBC338918EF8B92009E2DFE /* TellMeNowTests-Info.plist */,
				4BBC338A18EF8B92009E2DFE /* InfoPlist.strings */,
			);
			name = "Supporting Files";
			sourceTree = "<group>";
		};
/* End PBXGroup section */

/* Begin PBXNativeTarget section */
		4BBC335E18EF8B91009E2DFE /* TellMeNow */ = {
			isa = PBXNativeTarget;
			buildConfigurationList = 4BBC339118EF8B92009E2DFE /* Build configuration list for PBXNativeTarget "TellMeNow" */;
			buildPhases = (
				4BBC335B18EF8B91009E2DFE /* Sources */,
				4BBC335C18EF8B91009E2DFE /* Frameworks */,
				4BBC335D18EF8B91009E2DFE /* Resources */,
			);
			buildRules = (
			);
			dependencies = (
			);
			name = TellMeNow;
			productName = TellMeNow;
			productReference = 4BBC335F18EF8B91009E2DFE /* TellMeNow.app */;
			productType = "com.apple.product-type.application";
		};
		4BBC337F18EF8B92009E2DFE /* TellMeNowTests */ = {
			isa = PBXNativeTarget;
			buildConfigurationList = 4BBC339418EF8B92009E2DFE /* Build configuration list for PBXNativeTarget "TellMeNowTests" */;
			buildPhases = (
				4BBC337C18EF8B92009E2DFE /* Sources */,
				4BBC337D18EF8B92009E2DFE /* Frameworks */,
				4BBC337E18EF8B92009E2DFE /* Resources */,
			);
			buildRules = (
			);
			dependencies = (
				4BBC338618EF8B92009E2DFE /* PBXTargetDependency */,
			);
			name = TellMeNowTests;
			productName = TellMeNowTests;
			productReference = 4BBC338018EF8B92009E2DFE /* TellMeNowTests.xctest */;
			productType = "com.apple.product-type.bundle.unit-test";
		};
/* End PBXNativeTarget section */

/* Begin PBXProject section */
		4BBC335718EF8B91009E2DFE /* Project object */ = {
			isa = PBXProject;
			attributes = {
				CLASSPREFIX = tellmenow;
				LastUpgradeCheck = 0510;
				ORGANIZATIONNAME = "House Boelter";
				TargetAttributes = {
					4BBC337F18EF8B92009E2DFE = {
						TestTargetID = 4BBC335E18EF8B91009E2DFE;
					};
				};
			};
			buildConfigurationList = 4BBC335A18EF8B91009E2DFE /* Build configuration list for PBXProject "TellMeNow" */;
			compatibilityVersion = "Xcode 3.2";
			developmentRegion = English;
			hasScannedForEncodings = 0;
			knownRegions = (
				en,
				Base,
			);
			mainGroup = 4BBC335618EF8B91009E2DFE;
			productRefGroup = 4BBC336018EF8B91009E2DFE /* Products */;
			projectDirPath = "";
			projectRoot = "";
			targets = (
				4BBC335E18EF8B91009E2DFE /* TellMeNow */,
				4BBC337F18EF8B92009E2DFE /* TellMeNowTests */,
			);
		};
/* End PBXProject section */

/* Begin PBXResourcesBuildPhase section */
		4BBC335D18EF8B91009E2DFE /* Resources */ = {
			isa = PBXResourcesBuildPhase;
			buildActionMask = 2147483647;
			files = (
				4BBC337B18EF8B91009E2DFE /* Images.xcassets in Resources */,
				4BBC336D18EF8B91009E2DFE /* InfoPlist.strings in Resources */,
				4BBC337618EF8B91009E2DFE /* Main.storyboard in Resources */,
			);
			runOnlyForDeploymentPostprocessing = 0;
		};
		4BBC337E18EF8B92009E2DFE /* Resources */ = {
			isa = PBXResourcesBuildPhase;
			buildActionMask = 2147483647;
			files = (
				4BBC338C18EF8B92009E2DFE /* InfoPlist.strings in Resources */,
			);
			runOnlyForDeploymentPostprocessing = 0;
		};
/* End PBXResourcesBuildPhase section */

/* Begin PBXSourcesBuildPhase section */
		4BBC335B18EF8B91009E2DFE /* Sources */ = {
			isa = PBXSourcesBuildPhase;
			buildActionMask = 2147483647;
			files = (
				4BBC337318EF8B91009E2DFE /* tellmenowAppDelegate.m in Sources */,
				4BBC336F18EF8B91009E2DFE /* main.m in Sources */,
				4BBC337918EF8B91009E2DFE /* loginViewController.m in Sources */,
			);
			runOnlyForDeploymentPostprocessing = 0;
		};
		4BBC337C18EF8B92009E2DFE /* Sources */ = {
			isa = PBXSourcesBuildPhase;
			buildActionMask = 2147483647;
			files = (
				4BBC338E18EF8B92009E2DFE /* TellMeNowTests.m in Sources */,
			);
			runOnlyForDeploymentPostprocessing = 0;
		};
/* End PBXSourcesBuildPhase section */

/* Begin PBXTargetDependency section */
		4BBC338618EF8B92009E2DFE /* PBXTargetDependency */ = {
			isa = PBXTargetDependency;
			target = 4BBC335E18EF8B91009E2DFE /* TellMeNow */;
			targetProxy = 4BBC338518EF8B92009E2DFE /* PBXContainerItemProxy */;
		};
/* End PBXTargetDependency section */

/* Begin PBXVariantGroup section */
		4BBC336B18EF8B91009E2DFE /* InfoPlist.strings */ = {
			isa = PBXVariantGroup;
			children = (
				4BBC336C18EF8B91009E2DFE /* en */,
			);
			name = InfoPlist.strings;
			sourceTree = "<group>";
		};
		4BBC337418EF8B91009E2DFE /* Main.storyboard */ = {
			isa = PBXVariantGroup;
			children = (
				4BBC337518EF8B91009E2DFE /* Base */,
			);
			name = Main.storyboard;
			sourceTree = "<group>";
		};
		4BBC338A18EF8B92009E2DFE /* InfoPlist.strings */ = {
			isa = PBXVariantGroup;
			children = (
				4BBC338B18EF8B92009E2DFE /* en */,
			);
			name = InfoPlist.strings;
			sourceTree = "<group>";
		};
/* End PBXVariantGroup section */

/* Begin XCBuildConfiguration section */
		4BBC338F18EF8B92009E2DFE /* Debug */ = {
			isa = XCBuildConfiguration;
			buildSettings = {
				ALWAYS_SEARCH_USER_PATHS = NO;
				CLANG_CXX_LANGUAGE_STANDARD = "gnu++0x";
				CLANG_CXX_LIBRARY = "libc++";
				CLANG_ENABLE_MODULES = YES;
				CLANG_ENABLE_OBJC_ARC = YES;
				CLANG_WARN_BOOL_CONVERSION = YES;
				CLANG_WARN_CONSTANT_CONVERSION = YES;
				CLANG_WARN_DIRECT_OBJC_ISA_USAGE = YES_ERROR;
				CLANG_WARN_EMPTY_BODY = YES;
				CLANG_WARN_ENUM_CONVERSION = YES;
				CLANG_WARN_INT_CONVERSION = YES;
				CLANG_WARN_OBJC_ROOT_CLASS = YES_ERROR;
				CLANG_WARN__DUPLICATE_METHOD_MATCH = YES;
				"CODE_SIGN_IDENTITY[sdk=iphoneos*]" = "iPhone Developer";
				COPY_PHASE_STRIP = NO;
				GCC_C_LANGUAGE_STANDARD = gnu99;
				GCC_DYNAMIC_NO_PIC = NO;
				GCC_OPTIMIZATION_LEVEL = 0;
				GCC_PREPROCESSOR_DEFINITIONS = (
					"DEBUG=1",
					"$(inherited)",
				);
				GCC_SYMBOLS_PRIVATE_EXTERN = NO;
				GCC_WARN_64_TO_32_BIT_CONVERSION = YES;
				GCC_WARN_ABOUT_RETURN_TYPE = YES_ERROR;
				GCC_WARN_UNDECLARED_SELECTOR = YES;
				GCC_WARN_UNINITIALIZED_AUTOS = YES_AGGRESSIVE;
				GCC_WARN_UNUSED_FUNCTION = YES;
				GCC_WARN_UNUSED_VARIABLE = YES;
				IPHONEOS_DEPLOYMENT_TARGET = 7.1;
				ONLY_ACTIVE_ARCH = YES;
				SDKROOT = iphoneos;
			};
			name = Debug;
		};
		4BBC339018EF8B92009E2DFE /* Release */ = {
			isa = XCBuildConfiguration;
			buildSettings = {
				ALWAYS_SEARCH_USER_PATHS = NO;
				CLANG_CXX_LANGUAGE_STANDARD = "gnu++0x";
				CLANG_CXX_LIBRARY = "libc++";
				CLANG_ENABLE_MODULES = YES;
				CLANG_ENABLE_OBJC_ARC = YES;
				CLANG_WARN_BOOL_CONVERSION = YES;
				CLANG_WARN_CONSTANT_CONVERSION = YES;
				CLANG_WARN_DIRECT_OBJC_ISA_USAGE = YES_ERROR;
				CLANG_WARN_EMPTY_BODY = YES;
				CLANG_WARN_ENUM_CONVERSION = YES;
				CLANG_WARN_INT_CONVERSION = YES;
				CLANG_WARN_OBJC_ROOT_CLASS = YES_ERROR;
				CLANG_WARN__DUPLICATE_METHOD_MATCH = YES;
				"CODE_SIGN_IDENTITY[sdk=iphoneos*]" = "iPhone Developer";
				COPY_PHASE_STRIP = YES;
				ENABLE_NS_ASSERTIONS = NO;
				GCC_C_LANGUAGE_STANDARD = gnu99;
				GCC_WARN_64_TO_32_BIT_CONVERSION = YES;
				GCC_WARN_ABOUT_RETURN_TYPE = YES_ERROR;
				GCC_WARN_UNDECLARED_SELECTOR = YES;
				GCC_WARN_UNINITIALIZED_AUTOS = YES_AGGRESSIVE;
				GCC_WARN_UNUSED_FUNCTION = YES;
				GCC_WARN_UNUSED_VARIABLE = YES;
				IPHONEOS_DEPLOYMENT_TARGET = 7.1;
				SDKROOT = iphoneos;
				VALIDATE_PRODUCT = YES;
			};
			name = Release;
		};
		4BBC339218EF8B92009E2DFE /* Debug */ = {
			isa = XCBuildConfiguration;
			buildSettings = {
				ASSETCATALOG_COMPILER_APPICON_NAME = AppIcon;
				ASSETCATALOG_COMPILER_LAUNCHIMAGE_NAME = LaunchImage;
				FRAMEWORK_SEARCH_PATHS = (
					../FacebookSDK,
					"$(inherited)",
				);
				GCC_PRECOMPILE_PREFIX_HEADER = YES;
				GCC_PREFIX_HEADER = "TellMeNow/TellMeNow-Prefix.pch";
				INFOPLIST_FILE = "TellMeNow/TellMeNow-Info.plist";
				PRODUCT_NAME = "$(TARGET_NAME)";
				WRAPPER_EXTENSION = app;
			};
			name = Debug;
		};
		4BBC339318EF8B92009E2DFE /* Release */ = {
			isa = XCBuildConfiguration;
			buildSettings = {
				ASSETCATALOG_COMPILER_APPICON_NAME = AppIcon;
				ASSETCATALOG_COMPILER_LAUNCHIMAGE_NAME = LaunchImage;
				FRAMEWORK_SEARCH_PATHS = (
					../FacebookSDK,
					"$(inherited)",
				);
				GCC_PRECOMPILE_PREFIX_HEADER = YES;
				GCC_PREFIX_HEADER = "TellMeNow/TellMeNow-Prefix.pch";
				INFOPLIST_FILE = "TellMeNow/TellMeNow-Info.plist";
				PRODUCT_NAME = "$(TARGET_NAME)";
				WRAPPER_EXTENSION = app;
			};
			name = Release;
		};
		4BBC339518EF8B92009E2DFE /* Debug */ = {
			isa = XCBuildConfiguration;
			buildSettings = {
				BUNDLE_LOADER = "$(BUILT_PRODUCTS_DIR)/TellMeNow.app/TellMeNow";
				FRAMEWORK_SEARCH_PATHS = (
					"$(SDKROOT)/Developer/Library/Frameworks",
					"$(inherited)",
					"$(DEVELOPER_FRAMEWORKS_DIR)",
				);
				GCC_PRECOMPILE_PREFIX_HEADER = YES;
				GCC_PREFIX_HEADER = "TellMeNow/TellMeNow-Prefix.pch";
				GCC_PREPROCESSOR_DEFINITIONS = (
					"DEBUG=1",
					"$(inherited)",
				);
				INFOPLIST_FILE = "TellMeNowTests/TellMeNowTests-Info.plist";
				PRODUCT_NAME = "$(TARGET_NAME)";
				TEST_HOST = "$(BUNDLE_LOADER)";
				WRAPPER_EXTENSION = xctest;
			};
			name = Debug;
		};
		4BBC339618EF8B92009E2DFE /* Release */ = {
			isa = XCBuildConfiguration;
			buildSettings = {
				BUNDLE_LOADER = "$(BUILT_PRODUCTS_DIR)/TellMeNow.app/TellMeNow";
				FRAMEWORK_SEARCH_PATHS = (
					"$(SDKROOT)/Developer/Library/Frameworks",
					"$(inherited)",
					"$(DEVELOPER_FRAMEWORKS_DIR)",
				);
				GCC_PRECOMPILE_PREFIX_HEADER = YES;
				GCC_PREFIX_HEADER = "TellMeNow/TellMeNow-Prefix.pch";
				INFOPLIST_FILE = "TellMeNowTests/TellMeNowTests-Info.plist";
				PRODUCT_NAME = "$(TARGET_NAME)";
				TEST_HOST = "$(BUNDLE_LOADER)";
				WRAPPER_EXTENSION = xctest;
			};
			name = Release;
		};
/* End XCBuildConfiguration section */

/* Begin XCConfigurationList section */
		4BBC335A18EF8B91009E2DFE /* Build configuration list for PBXProject "TellMeNow" */ = {
			isa = XCConfigurationList;
			buildConfigurations = (
				4BBC338F18EF8B92009E2DFE /* Debug */,
				4BBC339018EF8B92009E2DFE /* Release */,
			);
			defaultConfigurationIsVisible = 0;
			defaultConfigurationName = Release;
		};
		4BBC339118EF8B92009E2DFE /* Build configuration list for PBXNativeTarget "TellMeNow" */ = {
			isa = XCConfigurationList;
			buildConfigurations = (
				4BBC339218EF8B92009E2DFE /* Debug */,
				4BBC339318EF8B92009E2DFE /* Release */,
			);
			defaultConfigurationIsVisible = 0;
			defaultConfigurationName = Release;
		};
		4BBC339418EF8B92009E2DFE /* Build configuration list for PBXNativeTarget "TellMeNowTests" */ = {
			isa = XCConfigurationList;
			buildConfigurations = (
				4BBC339518EF8B92009E2DFE /* Debug */,
				4BBC339618EF8B92009E2DFE /* Release */,
			);
			defaultConfigurationIsVisible = 0;
			defaultConfigurationName = Release;
		};
/* End XCConfigurationList section */
	};
	rootObject = 4BBC335718EF8B91009E2DFE /* Project object */;
}
