// !$*UTF8*$!
{
	archiveVersion = 1;
	classes = {
	};
	objectVersion = 46;
	objects = {

/* Begin PBXBuildFile section */
		AC08C21D19430C87000BC84A /* Model.framework in Frameworks */ = {isa = PBXBuildFile; fileRef = AC08C21219430C87000BC84A /* Model.framework */; };
		AC08C22719430C87000BC84A /* Model.framework in Frameworks */ = {isa = PBXBuildFile; fileRef = AC08C21219430C87000BC84A /* Model.framework */; };
		AC08C23219430CC7000BC84A /* Model.swift in Sources */ = {isa = PBXBuildFile; fileRef = AC16730B1942E25600CD81A4 /* Model.swift */; };
		AC08C23419430D5B000BC84A /* Agent.framework in Frameworks */ = {isa = PBXBuildFile; fileRef = AC08C1EB19430B2C000BC84A /* Agent.framework */; };
		AC3A281E1942CD4400E5D96B /* AppDelegate.swift in Sources */ = {isa = PBXBuildFile; fileRef = AC3A281D1942CD4400E5D96B /* AppDelegate.swift */; };
		AC3A28201942CD4400E5D96B /* FirstViewController.swift in Sources */ = {isa = PBXBuildFile; fileRef = AC3A281F1942CD4400E5D96B /* FirstViewController.swift */; };
		AC3A28221942CD4400E5D96B /* SecondViewController.swift in Sources */ = {isa = PBXBuildFile; fileRef = AC3A28211942CD4400E5D96B /* SecondViewController.swift */; };
		AC3A28251942CD4400E5D96B /* Main.storyboard in Resources */ = {isa = PBXBuildFile; fileRef = AC3A28231942CD4400E5D96B /* Main.storyboard */; };
		AC3A28271942CD4400E5D96B /* Images.xcassets in Resources */ = {isa = PBXBuildFile; fileRef = AC3A28261942CD4400E5D96B /* Images.xcassets */; };
		AC3A28331942CD4400E5D96B /* TellMeNowTests.swift in Sources */ = {isa = PBXBuildFile; fileRef = AC3A28321942CD4400E5D96B /* TellMeNowTests.swift */; };
/* End PBXBuildFile section */

/* Begin PBXContainerItemProxy section */
		AC08C21E19430C87000BC84A /* PBXContainerItemProxy */ = {
			isa = PBXContainerItemProxy;
			containerPortal = AC3A28101942CD4400E5D96B /* Project object */;
			proxyType = 1;
			remoteGlobalIDString = AC08C21119430C87000BC84A;
			remoteInfo = Model;
		};
		AC08C22519430C87000BC84A /* PBXContainerItemProxy */ = {
			isa = PBXContainerItemProxy;
			containerPortal = AC3A28101942CD4400E5D96B /* Project object */;
			proxyType = 1;
			remoteGlobalIDString = AC08C21119430C87000BC84A;
			remoteInfo = Model;
		};
		AC08C22919430C87000BC84A /* PBXContainerItemProxy */ = {
			isa = PBXContainerItemProxy;
			containerPortal = AC3A28101942CD4400E5D96B /* Project object */;
			proxyType = 1;
			remoteGlobalIDString = AC08C21119430C87000BC84A;
			remoteInfo = Model;
		};
		AC3A282D1942CD4400E5D96B /* PBXContainerItemProxy */ = {
			isa = PBXContainerItemProxy;
			containerPortal = AC3A28101942CD4400E5D96B /* Project object */;
			proxyType = 1;
			remoteGlobalIDString = AC3A28171942CD4400E5D96B;
			remoteInfo = TellMeNow;
		};
		AC3A28401942D1A700E5D96B /* PBXContainerItemProxy */ = {
			isa = PBXContainerItemProxy;
			containerPortal = AC3A28101942CD4400E5D96B /* Project object */;
			proxyType = 1;
			remoteGlobalIDString = AC3A28171942CD4400E5D96B;
			remoteInfo = TellMeNow;
		};
/* End PBXContainerItemProxy section */

/* Begin PBXCopyFilesBuildPhase section */
		AC08C22E19430C87000BC84A /* Embed Frameworks */ = {
			isa = PBXCopyFilesBuildPhase;
			buildActionMask = 2147483647;
			dstPath = "";
			dstSubfolderSpec = 10;
			files = (
			);
			name = "Embed Frameworks";
			runOnlyForDeploymentPostprocessing = 0;
		};
/* End PBXCopyFilesBuildPhase section */

/* Begin PBXFileReference section */
		AC08C1EB19430B2C000BC84A /* Agent.framework */ = {isa = PBXFileReference; lastKnownFileType = wrapper.framework; name = Agent.framework; path = TellMeNow/Agent.framework; sourceTree = "<group>"; };
		AC08C21219430C87000BC84A /* Model.framework */ = {isa = PBXFileReference; explicitFileType = wrapper.framework; includeInIndex = 0; path = Model.framework; sourceTree = BUILT_PRODUCTS_DIR; };
		AC08C21C19430C87000BC84A /* ModelTests.xctest */ = {isa = PBXFileReference; explicitFileType = wrapper.cfbundle; includeInIndex = 0; path = ModelTests.xctest; sourceTree = BUILT_PRODUCTS_DIR; };
		AC16730A1942E25600CD81A4 /* Playground.playground */ = {isa = PBXFileReference; lastKnownFileType = file.playground; path = Playground.playground; sourceTree = "<group>"; };
		AC16730B1942E25600CD81A4 /* Model.swift */ = {isa = PBXFileReference; fileEncoding = 4; lastKnownFileType = sourcecode.swift; path = Model.swift; sourceTree = "<group>"; };
		AC3A28181942CD4400E5D96B /* TellMeNow.app */ = {isa = PBXFileReference; explicitFileType = wrapper.application; includeInIndex = 0; path = TellMeNow.app; sourceTree = BUILT_PRODUCTS_DIR; };
		AC3A281C1942CD4400E5D96B /* Info.plist */ = {isa = PBXFileReference; lastKnownFileType = text.plist.xml; path = Info.plist; sourceTree = "<group>"; };
		AC3A281D1942CD4400E5D96B /* AppDelegate.swift */ = {isa = PBXFileReference; lastKnownFileType = sourcecode.swift; path = AppDelegate.swift; sourceTree = "<group>"; };
		AC3A281F1942CD4400E5D96B /* FirstViewController.swift */ = {isa = PBXFileReference; lastKnownFileType = sourcecode.swift; path = FirstViewController.swift; sourceTree = "<group>"; };
		AC3A28211942CD4400E5D96B /* SecondViewController.swift */ = {isa = PBXFileReference; lastKnownFileType = sourcecode.swift; path = SecondViewController.swift; sourceTree = "<group>"; };
		AC3A28241942CD4400E5D96B /* Base */ = {isa = PBXFileReference; lastKnownFileType = file.storyboard; name = Base; path = Base.lproj/Main.storyboard; sourceTree = "<group>"; };
		AC3A28261942CD4400E5D96B /* Images.xcassets */ = {isa = PBXFileReference; lastKnownFileType = folder.assetcatalog; path = Images.xcassets; sourceTree = "<group>"; };
		AC3A282C1942CD4400E5D96B /* TellMeNowTests.xctest */ = {isa = PBXFileReference; explicitFileType = wrapper.cfbundle; includeInIndex = 0; path = TellMeNowTests.xctest; sourceTree = BUILT_PRODUCTS_DIR; };
		AC3A28311942CD4400E5D96B /* Info.plist */ = {isa = PBXFileReference; lastKnownFileType = text.plist.xml; path = Info.plist; sourceTree = "<group>"; };
		AC3A28321942CD4400E5D96B /* TellMeNowTests.swift */ = {isa = PBXFileReference; lastKnownFileType = sourcecode.swift; path = TellMeNowTests.swift; sourceTree = "<group>"; };
/* End PBXFileReference section */

/* Begin PBXFrameworksBuildPhase section */
		AC08C20E19430C87000BC84A /* Frameworks */ = {
			isa = PBXFrameworksBuildPhase;
			buildActionMask = 2147483647;
			files = (
				AC08C23419430D5B000BC84A /* Agent.framework in Frameworks */,
			);
			runOnlyForDeploymentPostprocessing = 0;
		};
		AC08C21919430C87000BC84A /* Frameworks */ = {
			isa = PBXFrameworksBuildPhase;
			buildActionMask = 2147483647;
			files = (
				AC08C21D19430C87000BC84A /* Model.framework in Frameworks */,
			);
			runOnlyForDeploymentPostprocessing = 0;
		};
		AC3A28151942CD4400E5D96B /* Frameworks */ = {
			isa = PBXFrameworksBuildPhase;
			buildActionMask = 2147483647;
			files = (
				AC08C22719430C87000BC84A /* Model.framework in Frameworks */,
			);
			runOnlyForDeploymentPostprocessing = 0;
		};
		AC3A28291942CD4400E5D96B /* Frameworks */ = {
			isa = PBXFrameworksBuildPhase;
			buildActionMask = 2147483647;
			files = (
			);
			runOnlyForDeploymentPostprocessing = 0;
		};
/* End PBXFrameworksBuildPhase section */

/* Begin PBXGroup section */
		AC08C1ED19430B79000BC84A /* Frameworks */ = {
			isa = PBXGroup;
			children = (
				AC08C1EB19430B2C000BC84A /* Agent.framework */,
			);
			name = Frameworks;
			sourceTree = "<group>";
		};
		AC3A280F1942CD4400E5D96B = {
			isa = PBXGroup;
			children = (
				AC3A281A1942CD4400E5D96B /* TellMeNow */,
				AC3A282F1942CD4400E5D96B /* TellMeNowTests */,
				AC3A28191942CD4400E5D96B /* Products */,
				AC08C1ED19430B79000BC84A /* Frameworks */,
			);
			sourceTree = "<group>";
		};
		AC3A28191942CD4400E5D96B /* Products */ = {
			isa = PBXGroup;
			children = (
				AC3A28181942CD4400E5D96B /* TellMeNow.app */,
				AC3A282C1942CD4400E5D96B /* TellMeNowTests.xctest */,
				AC08C21219430C87000BC84A /* Model.framework */,
				AC08C21C19430C87000BC84A /* ModelTests.xctest */,
			);
			name = Products;
			sourceTree = "<group>";
		};
		AC3A281A1942CD4400E5D96B /* TellMeNow */ = {
			isa = PBXGroup;
			children = (
				AC3A281D1942CD4400E5D96B /* AppDelegate.swift */,
				AC3A281F1942CD4400E5D96B /* FirstViewController.swift */,
				AC3A28211942CD4400E5D96B /* SecondViewController.swift */,
				AC3A28231942CD4400E5D96B /* Main.storyboard */,
				AC16730B1942E25600CD81A4 /* Model.swift */,
				AC16730A1942E25600CD81A4 /* Playground.playground */,
				AC3A28261942CD4400E5D96B /* Images.xcassets */,
				AC3A281B1942CD4400E5D96B /* Supporting Files */,
			);
			path = TellMeNow;
			sourceTree = "<group>";
		};
		AC3A281B1942CD4400E5D96B /* Supporting Files */ = {
			isa = PBXGroup;
			children = (
				AC3A281C1942CD4400E5D96B /* Info.plist */,
			);
			name = "Supporting Files";
			sourceTree = "<group>";
		};
		AC3A282F1942CD4400E5D96B /* TellMeNowTests */ = {
			isa = PBXGroup;
			children = (
				AC3A28321942CD4400E5D96B /* TellMeNowTests.swift */,
				AC3A28301942CD4400E5D96B /* Supporting Files */,
			);
			path = TellMeNowTests;
			sourceTree = "<group>";
		};
		AC3A28301942CD4400E5D96B /* Supporting Files */ = {
			isa = PBXGroup;
			children = (
				AC3A28311942CD4400E5D96B /* Info.plist */,
			);
			name = "Supporting Files";
			sourceTree = "<group>";
		};
/* End PBXGroup section */

/* Begin PBXHeadersBuildPhase section */
		AC08C20F19430C87000BC84A /* Headers */ = {
			isa = PBXHeadersBuildPhase;
			buildActionMask = 2147483647;
			files = (
			);
			runOnlyForDeploymentPostprocessing = 0;
		};
/* End PBXHeadersBuildPhase section */

/* Begin PBXNativeTarget section */
		AC08C21119430C87000BC84A /* Model */ = {
			isa = PBXNativeTarget;
			buildConfigurationList = AC08C22B19430C87000BC84A /* Build configuration list for PBXNativeTarget "Model" */;
			buildPhases = (
				AC08C20D19430C87000BC84A /* Sources */,
				AC08C20E19430C87000BC84A /* Frameworks */,
				AC08C20F19430C87000BC84A /* Headers */,
				AC08C21019430C87000BC84A /* Resources */,
			);
			buildRules = (
			);
			dependencies = (
			);
			name = Model;
			productName = Model;
			productReference = AC08C21219430C87000BC84A /* Model.framework */;
			productType = "com.apple.product-type.framework";
		};
		AC08C21B19430C87000BC84A /* ModelTests */ = {
			isa = PBXNativeTarget;
			buildConfigurationList = AC08C22F19430C87000BC84A /* Build configuration list for PBXNativeTarget "ModelTests" */;
			buildPhases = (
				AC08C21819430C87000BC84A /* Sources */,
				AC08C21919430C87000BC84A /* Frameworks */,
				AC08C21A19430C87000BC84A /* Resources */,
			);
			buildRules = (
			);
			dependencies = (
				AC08C21F19430C87000BC84A /* PBXTargetDependency */,
			);
			name = ModelTests;
			productName = ModelTests;
			productReference = AC08C21C19430C87000BC84A /* ModelTests.xctest */;
			productType = "com.apple.product-type.bundle.unit-test";
		};
		AC3A28171942CD4400E5D96B /* TellMeNow */ = {
			isa = PBXNativeTarget;
			buildConfigurationList = AC3A28361942CD4400E5D96B /* Build configuration list for PBXNativeTarget "TellMeNow" */;
			buildPhases = (
				AC3A28141942CD4400E5D96B /* Sources */,
				AC3A28151942CD4400E5D96B /* Frameworks */,
				AC3A28161942CD4400E5D96B /* Resources */,
				AC08C22E19430C87000BC84A /* Embed Frameworks */,
			);
			buildRules = (
			);
			dependencies = (
				AC08C22619430C87000BC84A /* PBXTargetDependency */,
				AC08C22A19430C87000BC84A /* PBXTargetDependency */,
			);
			name = TellMeNow;
			productName = TellMeNow;
			productReference = AC3A28181942CD4400E5D96B /* TellMeNow.app */;
			productType = "com.apple.product-type.application";
		};
		AC3A282B1942CD4400E5D96B /* TellMeNowTests */ = {
			isa = PBXNativeTarget;
			buildConfigurationList = AC3A28391942CD4400E5D96B /* Build configuration list for PBXNativeTarget "TellMeNowTests" */;
			buildPhases = (
				AC3A28281942CD4400E5D96B /* Sources */,
				AC3A28291942CD4400E5D96B /* Frameworks */,
				AC3A282A1942CD4400E5D96B /* Resources */,
			);
			buildRules = (
			);
			dependencies = (
				AC3A282E1942CD4400E5D96B /* PBXTargetDependency */,
				AC3A28411942D1A700E5D96B /* PBXTargetDependency */,
			);
			name = TellMeNowTests;
			productName = TellMeNowTests;
			productReference = AC3A282C1942CD4400E5D96B /* TellMeNowTests.xctest */;
			productType = "com.apple.product-type.bundle.unit-test";
		};
/* End PBXNativeTarget section */

/* Begin PBXProject section */
		AC3A28101942CD4400E5D96B /* Project object */ = {
			isa = PBXProject;
			attributes = {
				LastUpgradeCheck = 0600;
				ORGANIZATIONNAME = "House Boelter";
				TargetAttributes = {
					AC08C21119430C87000BC84A = {
						CreatedOnToolsVersion = 6.0;
					};
					AC08C21B19430C87000BC84A = {
						CreatedOnToolsVersion = 6.0;
						TestTargetID = AC08C21119430C87000BC84A;
					};
					AC3A28171942CD4400E5D96B = {
						CreatedOnToolsVersion = 6.0;
					};
					AC3A282B1942CD4400E5D96B = {
						CreatedOnToolsVersion = 6.0;
						TestTargetID = AC3A28171942CD4400E5D96B;
					};
				};
			};
			buildConfigurationList = AC3A28131942CD4400E5D96B /* Build configuration list for PBXProject "TellMeNow" */;
			compatibilityVersion = "Xcode 3.2";
			developmentRegion = English;
			hasScannedForEncodings = 0;
			knownRegions = (
				en,
				Base,
			);
			mainGroup = AC3A280F1942CD4400E5D96B;
			productRefGroup = AC3A28191942CD4400E5D96B /* Products */;
			projectDirPath = "";
			projectRoot = "";
			targets = (
				AC3A28171942CD4400E5D96B /* TellMeNow */,
				AC3A282B1942CD4400E5D96B /* TellMeNowTests */,
				AC08C21119430C87000BC84A /* Model */,
				AC08C21B19430C87000BC84A /* ModelTests */,
			);
		};
/* End PBXProject section */

/* Begin PBXResourcesBuildPhase section */
		AC08C21019430C87000BC84A /* Resources */ = {
			isa = PBXResourcesBuildPhase;
			buildActionMask = 2147483647;
			files = (
			);
			runOnlyForDeploymentPostprocessing = 0;
		};
		AC08C21A19430C87000BC84A /* Resources */ = {
			isa = PBXResourcesBuildPhase;
			buildActionMask = 2147483647;
			files = (
			);
			runOnlyForDeploymentPostprocessing = 0;
		};
		AC3A28161942CD4400E5D96B /* Resources */ = {
			isa = PBXResourcesBuildPhase;
			buildActionMask = 2147483647;
			files = (
				AC3A28251942CD4400E5D96B /* Main.storyboard in Resources */,
				AC3A28271942CD4400E5D96B /* Images.xcassets in Resources */,
			);
			runOnlyForDeploymentPostprocessing = 0;
		};
		AC3A282A1942CD4400E5D96B /* Resources */ = {
			isa = PBXResourcesBuildPhase;
			buildActionMask = 2147483647;
			files = (
			);
			runOnlyForDeploymentPostprocessing = 0;
		};
/* End PBXResourcesBuildPhase section */

/* Begin PBXSourcesBuildPhase section */
		AC08C20D19430C87000BC84A /* Sources */ = {
			isa = PBXSourcesBuildPhase;
			buildActionMask = 2147483647;
			files = (
				AC08C23219430CC7000BC84A /* Model.swift in Sources */,
			);
			runOnlyForDeploymentPostprocessing = 0;
		};
		AC08C21819430C87000BC84A /* Sources */ = {
			isa = PBXSourcesBuildPhase;
			buildActionMask = 2147483647;
			files = (
			);
			runOnlyForDeploymentPostprocessing = 0;
		};
		AC3A28141942CD4400E5D96B /* Sources */ = {
			isa = PBXSourcesBuildPhase;
			buildActionMask = 2147483647;
			files = (
				AC3A28221942CD4400E5D96B /* SecondViewController.swift in Sources */,
				AC3A281E1942CD4400E5D96B /* AppDelegate.swift in Sources */,
				AC3A28201942CD4400E5D96B /* FirstViewController.swift in Sources */,
			);
			runOnlyForDeploymentPostprocessing = 0;
		};
		AC3A28281942CD4400E5D96B /* Sources */ = {
			isa = PBXSourcesBuildPhase;
			buildActionMask = 2147483647;
			files = (
				AC3A28331942CD4400E5D96B /* TellMeNowTests.swift in Sources */,
			);
			runOnlyForDeploymentPostprocessing = 0;
		};
/* End PBXSourcesBuildPhase section */

/* Begin PBXTargetDependency section */
		AC08C21F19430C87000BC84A /* PBXTargetDependency */ = {
			isa = PBXTargetDependency;
			target = AC08C21119430C87000BC84A /* Model */;
			targetProxy = AC08C21E19430C87000BC84A /* PBXContainerItemProxy */;
		};
		AC08C22619430C87000BC84A /* PBXTargetDependency */ = {
			isa = PBXTargetDependency;
			target = AC08C21119430C87000BC84A /* Model */;
			targetProxy = AC08C22519430C87000BC84A /* PBXContainerItemProxy */;
		};
		AC08C22A19430C87000BC84A /* PBXTargetDependency */ = {
			isa = PBXTargetDependency;
			target = AC08C21119430C87000BC84A /* Model */;
			targetProxy = AC08C22919430C87000BC84A /* PBXContainerItemProxy */;
		};
		AC3A282E1942CD4400E5D96B /* PBXTargetDependency */ = {
			isa = PBXTargetDependency;
			target = AC3A28171942CD4400E5D96B /* TellMeNow */;
			targetProxy = AC3A282D1942CD4400E5D96B /* PBXContainerItemProxy */;
		};
		AC3A28411942D1A700E5D96B /* PBXTargetDependency */ = {
			isa = PBXTargetDependency;
			target = AC3A28171942CD4400E5D96B /* TellMeNow */;
			targetProxy = AC3A28401942D1A700E5D96B /* PBXContainerItemProxy */;
		};
/* End PBXTargetDependency section */

/* Begin PBXVariantGroup section */
		AC3A28231942CD4400E5D96B /* Main.storyboard */ = {
			isa = PBXVariantGroup;
			children = (
				AC3A28241942CD4400E5D96B /* Base */,
			);
			name = Main.storyboard;
			sourceTree = "<group>";
		};
/* End PBXVariantGroup section */

/* Begin XCBuildConfiguration section */
		AC08C22C19430C87000BC84A /* Debug */ = {
			isa = XCBuildConfiguration;
			buildSettings = {
				CURRENT_PROJECT_VERSION = 1;
				DEFINES_MODULE = YES;
				DYLIB_COMPATIBILITY_VERSION = 1;
				DYLIB_CURRENT_VERSION = 1;
				DYLIB_INSTALL_NAME_BASE = "@rpath";
				FRAMEWORK_SEARCH_PATHS = (
					"$(inherited)",
					"$(PROJECT_DIR)/TellMeNow",
				);
				GCC_PREPROCESSOR_DEFINITIONS = (
					"DEBUG=1",
					"$(inherited)",
				);
				INFOPLIST_FILE = Model/Info.plist;
				INSTALL_PATH = "$(LOCAL_LIBRARY_DIR)/Frameworks";
				LD_RUNPATH_SEARCH_PATHS = "$(inherited) @executable_path/Frameworks @loader_path/Frameworks";
				METAL_ENABLE_DEBUG_INFO = YES;
				PRODUCT_NAME = "$(TARGET_NAME)";
				SKIP_INSTALL = YES;
				TARGETED_DEVICE_FAMILY = "1,2";
				VERSIONING_SYSTEM = "apple-generic";
				VERSION_INFO_PREFIX = "";
			};
			name = Debug;
		};
		AC08C22D19430C87000BC84A /* Release */ = {
			isa = XCBuildConfiguration;
			buildSettings = {
				CURRENT_PROJECT_VERSION = 1;
				DEFINES_MODULE = YES;
				DYLIB_COMPATIBILITY_VERSION = 1;
				DYLIB_CURRENT_VERSION = 1;
				DYLIB_INSTALL_NAME_BASE = "@rpath";
				FRAMEWORK_SEARCH_PATHS = (
					"$(inherited)",
					"$(PROJECT_DIR)/TellMeNow",
				);
				INFOPLIST_FILE = Model/Info.plist;
				INSTALL_PATH = "$(LOCAL_LIBRARY_DIR)/Frameworks";
				LD_RUNPATH_SEARCH_PATHS = "$(inherited) @executable_path/Frameworks @loader_path/Frameworks";
				METAL_ENABLE_DEBUG_INFO = NO;
				PRODUCT_NAME = "$(TARGET_NAME)";
				SKIP_INSTALL = YES;
				TARGETED_DEVICE_FAMILY = "1,2";
				VERSIONING_SYSTEM = "apple-generic";
				VERSION_INFO_PREFIX = "";
			};
			name = Release;
		};
		AC08C23019430C87000BC84A /* Debug */ = {
			isa = XCBuildConfiguration;
			buildSettings = {
				FRAMEWORK_SEARCH_PATHS = (
					"$(SDKROOT)/Developer/Library/Frameworks",
					"$(inherited)",
				);
				GCC_PREPROCESSOR_DEFINITIONS = (
					"DEBUG=1",
					"$(inherited)",
				);
				INFOPLIST_FILE = ModelTests/Info.plist;
				LD_RUNPATH_SEARCH_PATHS = "$(inherited) @executable_path/Frameworks @loader_path/Frameworks";
				METAL_ENABLE_DEBUG_INFO = YES;
				PRODUCT_NAME = "$(TARGET_NAME)";
			};
			name = Debug;
		};
		AC08C23119430C87000BC84A /* Release */ = {
			isa = XCBuildConfiguration;
			buildSettings = {
				FRAMEWORK_SEARCH_PATHS = (
					"$(SDKROOT)/Developer/Library/Frameworks",
					"$(inherited)",
				);
				INFOPLIST_FILE = ModelTests/Info.plist;
				LD_RUNPATH_SEARCH_PATHS = "$(inherited) @executable_path/Frameworks @loader_path/Frameworks";
				METAL_ENABLE_DEBUG_INFO = NO;
				PRODUCT_NAME = "$(TARGET_NAME)";
			};
			name = Release;
		};
		AC3A28341942CD4400E5D96B /* Debug */ = {
			isa = XCBuildConfiguration;
			buildSettings = {
				ALWAYS_SEARCH_USER_PATHS = NO;
				CLANG_CXX_LANGUAGE_STANDARD = "gnu++0x";
				CLANG_CXX_LIBRARY = "libc++";
				CLANG_ENABLE_MODULES = YES;
				CLANG_ENABLE_OBJC_ARC = YES;
				CLANG_WARN_BOOL_CONVERSION = YES;
				CLANG_WARN_CONSTANT_CONVERSION = YES;
				CLANG_WARN_DIRECT_OBJC_ISA_USAGE = YES_ERROR;
				CLANG_WARN_EMPTY_BODY = YES;
				CLANG_WARN_ENUM_CONVERSION = YES;
				CLANG_WARN_INT_CONVERSION = YES;
				CLANG_WARN_OBJC_ROOT_CLASS = YES_ERROR;
				CLANG_WARN_UNREACHABLE_CODE = YES;
				CLANG_WARN__DUPLICATE_METHOD_MATCH = YES;
				"CODE_SIGN_IDENTITY[sdk=iphoneos*]" = "iPhone Developer";
				COPY_PHASE_STRIP = NO;
				ENABLE_STRICT_OBJC_MSGSEND = YES;
				GCC_C_LANGUAGE_STANDARD = gnu99;
				GCC_DYNAMIC_NO_PIC = NO;
				GCC_OPTIMIZATION_LEVEL = 0;
				GCC_PREPROCESSOR_DEFINITIONS = (
					"DEBUG=1",
					"$(inherited)",
				);
				GCC_SYMBOLS_PRIVATE_EXTERN = NO;
				GCC_WARN_64_TO_32_BIT_CONVERSION = YES;
				GCC_WARN_ABOUT_RETURN_TYPE = YES_ERROR;
				GCC_WARN_UNDECLARED_SELECTOR = YES;
				GCC_WARN_UNINITIALIZED_AUTOS = YES_AGGRESSIVE;
				GCC_WARN_UNUSED_FUNCTION = YES;
				GCC_WARN_UNUSED_VARIABLE = YES;
				IPHONEOS_DEPLOYMENT_TARGET = 8.0;
				METAL_ENABLE_DEBUG_INFO = YES;
				ONLY_ACTIVE_ARCH = YES;
				SDKROOT = iphoneos;
				SWIFT_OPTIMIZATION_LEVEL = "-Onone";
			};
			name = Debug;
		};
		AC3A28351942CD4400E5D96B /* Release */ = {
			isa = XCBuildConfiguration;
			buildSettings = {
				ALWAYS_SEARCH_USER_PATHS = NO;
				CLANG_CXX_LANGUAGE_STANDARD = "gnu++0x";
				CLANG_CXX_LIBRARY = "libc++";
				CLANG_ENABLE_MODULES = YES;
				CLANG_ENABLE_OBJC_ARC = YES;
				CLANG_WARN_BOOL_CONVERSION = YES;
				CLANG_WARN_CONSTANT_CONVERSION = YES;
				CLANG_WARN_DIRECT_OBJC_ISA_USAGE = YES_ERROR;
				CLANG_WARN_EMPTY_BODY = YES;
				CLANG_WARN_ENUM_CONVERSION = YES;
				CLANG_WARN_INT_CONVERSION = YES;
				CLANG_WARN_OBJC_ROOT_CLASS = YES_ERROR;
				CLANG_WARN_UNREACHABLE_CODE = YES;
				CLANG_WARN__DUPLICATE_METHOD_MATCH = YES;
				"CODE_SIGN_IDENTITY[sdk=iphoneos*]" = "iPhone Developer";
				COPY_PHASE_STRIP = YES;
				ENABLE_NS_ASSERTIONS = NO;
				ENABLE_STRICT_OBJC_MSGSEND = YES;
				GCC_C_LANGUAGE_STANDARD = gnu99;
				GCC_WARN_64_TO_32_BIT_CONVERSION = YES;
				GCC_WARN_ABOUT_RETURN_TYPE = YES_ERROR;
				GCC_WARN_UNDECLARED_SELECTOR = YES;
				GCC_WARN_UNINITIALIZED_AUTOS = YES_AGGRESSIVE;
				GCC_WARN_UNUSED_FUNCTION = YES;
				GCC_WARN_UNUSED_VARIABLE = YES;
				IPHONEOS_DEPLOYMENT_TARGET = 8.0;
				METAL_ENABLE_DEBUG_INFO = NO;
				SDKROOT = iphoneos;
				VALIDATE_PRODUCT = YES;
			};
			name = Release;
		};
		AC3A28371942CD4400E5D96B /* Debug */ = {
			isa = XCBuildConfiguration;
			buildSettings = {
				ASSETCATALOG_COMPILER_APPICON_NAME = AppIcon;
				ASSETCATALOG_COMPILER_LAUNCHIMAGE_NAME = LaunchImage;
				FRAMEWORK_SEARCH_PATHS = (
					"$(inherited)",
					"$(PROJECT_DIR)/TellMeNow",
				);
				INFOPLIST_FILE = TellMeNow/Info.plist;
				LD_RUNPATH_SEARCH_PATHS = "$(inherited) @executable_path/Frameworks";
				PRODUCT_NAME = "$(TARGET_NAME)";
			};
			name = Debug;
		};
		AC3A28381942CD4400E5D96B /* Release */ = {
			isa = XCBuildConfiguration;
			buildSettings = {
				ASSETCATALOG_COMPILER_APPICON_NAME = AppIcon;
				ASSETCATALOG_COMPILER_LAUNCHIMAGE_NAME = LaunchImage;
				FRAMEWORK_SEARCH_PATHS = (
					"$(inherited)",
					"$(PROJECT_DIR)/TellMeNow",
				);
				INFOPLIST_FILE = TellMeNow/Info.plist;
				LD_RUNPATH_SEARCH_PATHS = "$(inherited) @executable_path/Frameworks";
				PRODUCT_NAME = "$(TARGET_NAME)";
			};
			name = Release;
		};
		AC3A283A1942CD4400E5D96B /* Debug */ = {
			isa = XCBuildConfiguration;
			buildSettings = {
				BUNDLE_LOADER = "$(BUILT_PRODUCTS_DIR)/TellMeNow.app/TellMeNow";
				FRAMEWORK_SEARCH_PATHS = (
					"$(SDKROOT)/Developer/Library/Frameworks",
					"$(inherited)",
				);
				GCC_PREPROCESSOR_DEFINITIONS = (
					"DEBUG=1",
					"$(inherited)",
				);
				INFOPLIST_FILE = TellMeNowTests/Info.plist;
				LD_RUNPATH_SEARCH_PATHS = "$(inherited) @executable_path/Frameworks @loader_path/Frameworks";
				METAL_ENABLE_DEBUG_INFO = YES;
				PRODUCT_NAME = "$(TARGET_NAME)";
				TEST_HOST = "$(BUNDLE_LOADER)";
			};
			name = Debug;
		};
		AC3A283B1942CD4400E5D96B /* Release */ = {
			isa = XCBuildConfiguration;
			buildSettings = {
				BUNDLE_LOADER = "$(BUILT_PRODUCTS_DIR)/TellMeNow.app/TellMeNow";
				FRAMEWORK_SEARCH_PATHS = (
					"$(SDKROOT)/Developer/Library/Frameworks",
					"$(inherited)",
				);
				INFOPLIST_FILE = TellMeNowTests/Info.plist;
				LD_RUNPATH_SEARCH_PATHS = "$(inherited) @executable_path/Frameworks @loader_path/Frameworks";
				METAL_ENABLE_DEBUG_INFO = NO;
				PRODUCT_NAME = "$(TARGET_NAME)";
				TEST_HOST = "$(BUNDLE_LOADER)";
			};
			name = Release;
		};
/* End XCBuildConfiguration section */

/* Begin XCConfigurationList section */
		AC08C22B19430C87000BC84A /* Build configuration list for PBXNativeTarget "Model" */ = {
			isa = XCConfigurationList;
			buildConfigurations = (
				AC08C22C19430C87000BC84A /* Debug */,
				AC08C22D19430C87000BC84A /* Release */,
			);
			defaultConfigurationIsVisible = 0;
		};
		AC08C22F19430C87000BC84A /* Build configuration list for PBXNativeTarget "ModelTests" */ = {
			isa = XCConfigurationList;
			buildConfigurations = (
				AC08C23019430C87000BC84A /* Debug */,
				AC08C23119430C87000BC84A /* Release */,
			);
			defaultConfigurationIsVisible = 0;
		};
		AC3A28131942CD4400E5D96B /* Build configuration list for PBXProject "TellMeNow" */ = {
			isa = XCConfigurationList;
			buildConfigurations = (
				AC3A28341942CD4400E5D96B /* Debug */,
				AC3A28351942CD4400E5D96B /* Release */,
			);
			defaultConfigurationIsVisible = 0;
			defaultConfigurationName = Release;
		};
		AC3A28361942CD4400E5D96B /* Build configuration list for PBXNativeTarget "TellMeNow" */ = {
			isa = XCConfigurationList;
			buildConfigurations = (
				AC3A28371942CD4400E5D96B /* Debug */,
				AC3A28381942CD4400E5D96B /* Release */,
			);
			defaultConfigurationIsVisible = 0;
			defaultConfigurationName = Release;
		};
		AC3A28391942CD4400E5D96B /* Build configuration list for PBXNativeTarget "TellMeNowTests" */ = {
			isa = XCConfigurationList;
			buildConfigurations = (
				AC3A283A1942CD4400E5D96B /* Debug */,
				AC3A283B1942CD4400E5D96B /* Release */,
			);
			defaultConfigurationIsVisible = 0;
			defaultConfigurationName = Release;
		};
/* End XCConfigurationList section */
	};
	rootObject = AC3A28101942CD4400E5D96B /* Project object */;
}
